
Microsoft Visual Studio Solution File, Format Version 12.00
# Visual Studio Version 17
VisualStudioVersion = 17.9.34728.123
MinimumVisualStudioVersion = 10.0.40219.1
Project("{FAE04EC0-301F-11D3-BF4B-00C04F79EFBC}") = "TwoSum", "TwoSum\TwoSum.csproj", "{89285905-7436-4E40-B614-B4E9D4DBD12E}"
EndProject
Global
	GlobalSection(SolutionConfigurationPlatforms) = preSolution
		Debug|Any CPU = Debug|Any CPU
		Release|Any CPU = Release|Any CPU
	EndGlobalSection
	GlobalSection(ProjectConfigurationPlatforms) = postSolution
		{89285905-7436-4E40-B614-B4E9D4DBD12E}.Debug|Any CPU.ActiveCfg = Debug|Any CPU
		{89285905-7436-4E40-B614-B4E9D4DBD12E}.Debug|Any CPU.Build.0 = Debug|Any CPU
		{89285905-7436-4E40-B614-B4E9D4DBD12E}.Release|Any CPU.ActiveCfg = Release|Any CPU
		{89285905-7436-4E40-B614-B4E9D4DBD12E}.Release|Any CPU.Build.0 = Release|Any CPU
	EndGlobalSection
	GlobalSection(SolutionProperties) = preSolution
		HideSolutionNode = FALSE
	EndGlobalSection
	GlobalSection(ExtensibilityGlobals) = postSolution
		SolutionGuid = {448F13C8-7320-4920-AF8F-28DC7189005F}
	EndGlobalSection
EndGlobal
